
Microsoft Visual Studio Solution File, Format Version 12.00
# Visual Studio Version 17
VisualStudioVersion = 17.3.32819.101
MinimumVisualStudioVersion = 10.0.40219.1
Project("{9A19103F-16F7-4668-BE54-9A1E7A4F7556}") = "Dzaba.PhoneCleaner", "Src\Dzaba.PhoneCleaner\Dzaba.PhoneCleaner.csproj", "{C8E5DFE2-6D77-4098-AAD2-C9FC439B8E3F}"
EndProject
Project("{9A19103F-16F7-4668-BE54-9A1E7A4F7556}") = "Dzaba.PhoneCleaner.Lib", "Src\Dzaba.PhoneCleaner.Lib\Dzaba.PhoneCleaner.Lib.csproj", "{197D369D-032A-498F-93CA-BC8D5C16EB24}"
EndProject
Project("{9A19103F-16F7-4668-BE54-9A1E7A4F7556}") = "Dzaba.PhoneCleaner.Lib.Tests", "Src\Dzaba.PhoneCleaner.Lib.Tests\Dzaba.PhoneCleaner.Lib.Tests.csproj", "{19B910B8-A937-4EA7-A6EA-39C9F08606D9}"
EndProject
Project("{9A19103F-16F7-4668-BE54-9A1E7A4F7556}") = "Dzaba.PhoneCleaner.MtpMediaDevices", "Src\Dzaba.PhoneCleaner.MtpMediaDevices\Dzaba.PhoneCleaner.MtpMediaDevices.csproj", "{38BA13A6-181C-4859-A758-9C681612A952}"
EndProject
Project("{FAE04EC0-301F-11D3-BF4B-00C04F79EFBC}") = "Dzaba.PhoneCleaner.Serilog", "Src\Dzaba.PhoneCleaner.Serilog\Dzaba.PhoneCleaner.Serilog.csproj", "{3E68F3E1-B231-46B0-A97E-FEA40E532754}"
EndProject
Project("{FAE04EC0-301F-11D3-BF4B-00C04F79EFBC}") = "Dzaba.PhoneCleaner.Utils", "Src\Dzaba.PhoneCleaner.Utils\Dzaba.PhoneCleaner.Utils.csproj", "{29E4DB56-FCCF-42CD-A69C-C37CED999100}"
EndProject
Global
	GlobalSection(SolutionConfigurationPlatforms) = preSolution
		Debug|Any CPU = Debug|Any CPU
		Release|Any CPU = Release|Any CPU
	EndGlobalSection
	GlobalSection(ProjectConfigurationPlatforms) = postSolution
		{C8E5DFE2-6D77-4098-AAD2-C9FC439B8E3F}.Debug|Any CPU.ActiveCfg = Debug|Any CPU
		{C8E5DFE2-6D77-4098-AAD2-C9FC439B8E3F}.Debug|Any CPU.Build.0 = Debug|Any CPU
		{C8E5DFE2-6D77-4098-AAD2-C9FC439B8E3F}.Release|Any CPU.ActiveCfg = Release|Any CPU
		{C8E5DFE2-6D77-4098-AAD2-C9FC439B8E3F}.Release|Any CPU.Build.0 = Release|Any CPU
		{197D369D-032A-498F-93CA-BC8D5C16EB24}.Debug|Any CPU.ActiveCfg = Debug|Any CPU
		{197D369D-032A-498F-93CA-BC8D5C16EB24}.Debug|Any CPU.Build.0 = Debug|Any CPU
		{197D369D-032A-498F-93CA-BC8D5C16EB24}.Release|Any CPU.ActiveCfg = Release|Any CPU
		{197D369D-032A-498F-93CA-BC8D5C16EB24}.Release|Any CPU.Build.0 = Release|Any CPU
		{19B910B8-A937-4EA7-A6EA-39C9F08606D9}.Debug|Any CPU.ActiveCfg = Debug|Any CPU
		{19B910B8-A937-4EA7-A6EA-39C9F08606D9}.Debug|Any CPU.Build.0 = Debug|Any CPU
		{19B910B8-A937-4EA7-A6EA-39C9F08606D9}.Release|Any CPU.ActiveCfg = Release|Any CPU
		{19B910B8-A937-4EA7-A6EA-39C9F08606D9}.Release|Any CPU.Build.0 = Release|Any CPU
		{38BA13A6-181C-4859-A758-9C681612A952}.Debug|Any CPU.ActiveCfg = Debug|Any CPU
		{38BA13A6-181C-4859-A758-9C681612A952}.Debug|Any CPU.Build.0 = Debug|Any CPU
		{38BA13A6-181C-4859-A758-9C681612A952}.Release|Any CPU.ActiveCfg = Release|Any CPU
		{38BA13A6-181C-4859-A758-9C681612A952}.Release|Any CPU.Build.0 = Release|Any CPU
		{3E68F3E1-B231-46B0-A97E-FEA40E532754}.Debug|Any CPU.ActiveCfg = Debug|Any CPU
		{3E68F3E1-B231-46B0-A97E-FEA40E532754}.Debug|Any CPU.Build.0 = Debug|Any CPU
		{3E68F3E1-B231-46B0-A97E-FEA40E532754}.Release|Any CPU.ActiveCfg = Release|Any CPU
		{3E68F3E1-B231-46B0-A97E-FEA40E532754}.Release|Any CPU.Build.0 = Release|Any CPU
		{29E4DB56-FCCF-42CD-A69C-C37CED999100}.Debug|Any CPU.ActiveCfg = Debug|Any CPU
		{29E4DB56-FCCF-42CD-A69C-C37CED999100}.Debug|Any CPU.Build.0 = Debug|Any CPU
		{29E4DB56-FCCF-42CD-A69C-C37CED999100}.Release|Any CPU.ActiveCfg = Release|Any CPU
		{29E4DB56-FCCF-42CD-A69C-C37CED999100}.Release|Any CPU.Build.0 = Release|Any CPU
	EndGlobalSection
	GlobalSection(SolutionProperties) = preSolution
		HideSolutionNode = FALSE
	EndGlobalSection
	GlobalSection(ExtensibilityGlobals) = postSolution
		SolutionGuid = {3AD12E39-23DE-46DA-89FD-BC68FAC9955E}
	EndGlobalSection
EndGlobal
